
Microsoft Visual Studio Solution File, Format Version 12.00
# Visual Studio Version 16
VisualStudioVersion = 16.0.31313.79
MinimumVisualStudioVersion = 10.0.40219.1
Project("{FAE04EC0-301F-11D3-BF4B-00C04F79EFBC}") = "EducomOpdracht", "EducomOpdracht\EducomOpdracht.csproj", "{6A26DA56-EB89-444A-971C-92D7E69F7073}"
EndProject
Project("{FAE04EC0-301F-11D3-BF4B-00C04F79EFBC}") = "EducomOpdrachtAPI", "EducomOpdrachtAPI\EducomOpdrachtAPI.csproj", "{8440D96D-2C9D-47AF-8124-C1546E641241}"
EndProject
Global
	GlobalSection(SolutionConfigurationPlatforms) = preSolution
		Debug|Any CPU = Debug|Any CPU
		Release|Any CPU = Release|Any CPU
	EndGlobalSection
	GlobalSection(ProjectConfigurationPlatforms) = postSolution
		{6A26DA56-EB89-444A-971C-92D7E69F7073}.Debug|Any CPU.ActiveCfg = Debug|Any CPU
		{6A26DA56-EB89-444A-971C-92D7E69F7073}.Debug|Any CPU.Build.0 = Debug|Any CPU
		{6A26DA56-EB89-444A-971C-92D7E69F7073}.Release|Any CPU.ActiveCfg = Release|Any CPU
		{6A26DA56-EB89-444A-971C-92D7E69F7073}.Release|Any CPU.Build.0 = Release|Any CPU
		{8440D96D-2C9D-47AF-8124-C1546E641241}.Debug|Any CPU.ActiveCfg = Debug|Any CPU
		{8440D96D-2C9D-47AF-8124-C1546E641241}.Debug|Any CPU.Build.0 = Debug|Any CPU
		{8440D96D-2C9D-47AF-8124-C1546E641241}.Release|Any CPU.ActiveCfg = Release|Any CPU
		{8440D96D-2C9D-47AF-8124-C1546E641241}.Release|Any CPU.Build.0 = Release|Any CPU
	EndGlobalSection
	GlobalSection(SolutionProperties) = preSolution
		HideSolutionNode = FALSE
	EndGlobalSection
	GlobalSection(ExtensibilityGlobals) = postSolution
		SolutionGuid = {913A8D48-9048-4226-854A-5EA63E4626E7}
	EndGlobalSection
EndGlobal
